{
  "name": "firstclass",
  "version": "1.0.0",
  "lockfileVersion": 3,
  "requires": true,
  "packages": {
    "": {
      "name": "firstclass",
      "version": "1.0.0",
      "license": "ISC",
      "dependencies": {
        "createownpackage": "^1.0.1"
      }
    },
    "node_modules/createownpackage": {
      "version": "1.0.1",
      "resolved": "https://registry.npmjs.org/createownpackage/-/createownpackage-1.0.1.tgz",
      "integrity": "sha512-+6D7Yo5vgYEl8YC18z9Ir0k6s07qU4icXy8qVAOb1Ld23j3X2nwU2IFxoU7GrLjtGvN5hU57LRQSP2cU2cDaGQ=="
    }
  }
}
